
Microsoft Visual Studio Solution File, Format Version 12.00
# Visual Studio Version 17
VisualStudioVersion = 17.4.33213.308
MinimumVisualStudioVersion = 10.0.40219.1
Project("{2150E333-8FDC-42A3-9474-1A3956D46DE8}") = "src", "src", "{4326A85C-BA11-4629-B88A-70AD513A9448}"
EndProject
Project("{9A19103F-16F7-4668-BE54-9A1E7A4F7556}") = "WWB.Paylink.BaoFooPay", "src\WWB.Paylink.BaoFooPay\WWB.Paylink.BaoFooPay.csproj", "{52098128-AC7C-4F85-82B2-F09E2C273D2A}"
EndProject
Project("{2150E333-8FDC-42A3-9474-1A3956D46DE8}") = "sample", "sample", "{56049E35-80F7-4FA5-9AEF-FD58A47BBBA1}"
EndProject
Project("{9A19103F-16F7-4668-BE54-9A1E7A4F7556}") = "WebApplicationSample", "samples\WebApplicationSample\WebApplicationSample.csproj", "{E1AC81CB-4F2C-41F5-883A-3FC181EC926C}"
EndProject
Project("{9A19103F-16F7-4668-BE54-9A1E7A4F7556}") = "WWB.Paylink.BaoFooTransfer", "src\WWB.Paylink.BaoFooTransfer\WWB.Paylink.BaoFooTransfer.csproj", "{874F62AF-B37C-4D48-982F-9A8F6A27A77D}"
EndProject
Project("{9A19103F-16F7-4668-BE54-9A1E7A4F7556}") = "WWB.Paylink.Utility", "src\WWB.Paylink.Utility\WWB.Paylink.Utility.csproj", "{F5DD2373-0F31-4C06-A684-FF675C070606}"
EndProject
Project("{2150E333-8FDC-42A3-9474-1A3956D46DE8}") = "doc", "doc", "{F1732E5E-4D5A-4C6D-863E-CB83FE0710A7}"
	ProjectSection(SolutionItems) = preProject
		.github\workflows\dotnet.yml = .github\workflows\dotnet.yml
		README.md = README.md
	EndProjectSection
EndProject
Project("{9A19103F-16F7-4668-BE54-9A1E7A4F7556}") = "WWB.Paylink.Allinpay", "src\WWB.Paylink.Allinpay\WWB.Paylink.Allinpay.csproj", "{CEC93350-D47E-49BE-9557-9F937989F26D}"
EndProject
Project("{9A19103F-16F7-4668-BE54-9A1E7A4F7556}") = "WWB.Paylink.JoinPay", "src\WWB.Paylink.JoinPay\WWB.Paylink.JoinPay.csproj", "{3348A355-4717-4CDF-B0A6-DA86399C4729}"
EndProject
Project("{9A19103F-16F7-4668-BE54-9A1E7A4F7556}") = "WWB.Paylink.Baofu", "src\WWB.Paylink.Baofu\WWB.Paylink.Baofu.csproj", "{42C3A699-79B0-4EA2-91E7-724CC4F6C832}"
EndProject
Global
	GlobalSection(SolutionConfigurationPlatforms) = preSolution
		Debug|Any CPU = Debug|Any CPU
		Release|Any CPU = Release|Any CPU
	EndGlobalSection
	GlobalSection(ProjectConfigurationPlatforms) = postSolution
		{52098128-AC7C-4F85-82B2-F09E2C273D2A}.Debug|Any CPU.ActiveCfg = Debug|Any CPU
		{52098128-AC7C-4F85-82B2-F09E2C273D2A}.Debug|Any CPU.Build.0 = Debug|Any CPU
		{52098128-AC7C-4F85-82B2-F09E2C273D2A}.Release|Any CPU.ActiveCfg = Release|Any CPU
		{52098128-AC7C-4F85-82B2-F09E2C273D2A}.Release|Any CPU.Build.0 = Release|Any CPU
		{E1AC81CB-4F2C-41F5-883A-3FC181EC926C}.Debug|Any CPU.ActiveCfg = Debug|Any CPU
		{E1AC81CB-4F2C-41F5-883A-3FC181EC926C}.Debug|Any CPU.Build.0 = Debug|Any CPU
		{E1AC81CB-4F2C-41F5-883A-3FC181EC926C}.Release|Any CPU.ActiveCfg = Release|Any CPU
		{E1AC81CB-4F2C-41F5-883A-3FC181EC926C}.Release|Any CPU.Build.0 = Release|Any CPU
		{874F62AF-B37C-4D48-982F-9A8F6A27A77D}.Debug|Any CPU.ActiveCfg = Debug|Any CPU
		{874F62AF-B37C-4D48-982F-9A8F6A27A77D}.Debug|Any CPU.Build.0 = Debug|Any CPU
		{874F62AF-B37C-4D48-982F-9A8F6A27A77D}.Release|Any CPU.ActiveCfg = Release|Any CPU
		{874F62AF-B37C-4D48-982F-9A8F6A27A77D}.Release|Any CPU.Build.0 = Release|Any CPU
		{F5DD2373-0F31-4C06-A684-FF675C070606}.Debug|Any CPU.ActiveCfg = Debug|Any CPU
		{F5DD2373-0F31-4C06-A684-FF675C070606}.Debug|Any CPU.Build.0 = Debug|Any CPU
		{F5DD2373-0F31-4C06-A684-FF675C070606}.Release|Any CPU.ActiveCfg = Release|Any CPU
		{F5DD2373-0F31-4C06-A684-FF675C070606}.Release|Any CPU.Build.0 = Release|Any CPU
		{CEC93350-D47E-49BE-9557-9F937989F26D}.Debug|Any CPU.ActiveCfg = Debug|Any CPU
		{CEC93350-D47E-49BE-9557-9F937989F26D}.Debug|Any CPU.Build.0 = Debug|Any CPU
		{CEC93350-D47E-49BE-9557-9F937989F26D}.Release|Any CPU.ActiveCfg = Release|Any CPU
		{CEC93350-D47E-49BE-9557-9F937989F26D}.Release|Any CPU.Build.0 = Release|Any CPU
		{3348A355-4717-4CDF-B0A6-DA86399C4729}.Debug|Any CPU.ActiveCfg = Debug|Any CPU
		{3348A355-4717-4CDF-B0A6-DA86399C4729}.Debug|Any CPU.Build.0 = Debug|Any CPU
		{3348A355-4717-4CDF-B0A6-DA86399C4729}.Release|Any CPU.ActiveCfg = Release|Any CPU
		{3348A355-4717-4CDF-B0A6-DA86399C4729}.Release|Any CPU.Build.0 = Release|Any CPU
		{42C3A699-79B0-4EA2-91E7-724CC4F6C832}.Debug|Any CPU.ActiveCfg = Debug|Any CPU
		{42C3A699-79B0-4EA2-91E7-724CC4F6C832}.Debug|Any CPU.Build.0 = Debug|Any CPU
		{42C3A699-79B0-4EA2-91E7-724CC4F6C832}.Release|Any CPU.ActiveCfg = Release|Any CPU
		{42C3A699-79B0-4EA2-91E7-724CC4F6C832}.Release|Any CPU.Build.0 = Release|Any CPU
	EndGlobalSection
	GlobalSection(SolutionProperties) = preSolution
		HideSolutionNode = FALSE
	EndGlobalSection
	GlobalSection(NestedProjects) = preSolution
		{52098128-AC7C-4F85-82B2-F09E2C273D2A} = {4326A85C-BA11-4629-B88A-70AD513A9448}
		{E1AC81CB-4F2C-41F5-883A-3FC181EC926C} = {56049E35-80F7-4FA5-9AEF-FD58A47BBBA1}
		{874F62AF-B37C-4D48-982F-9A8F6A27A77D} = {4326A85C-BA11-4629-B88A-70AD513A9448}
		{F5DD2373-0F31-4C06-A684-FF675C070606} = {4326A85C-BA11-4629-B88A-70AD513A9448}
		{CEC93350-D47E-49BE-9557-9F937989F26D} = {4326A85C-BA11-4629-B88A-70AD513A9448}
		{3348A355-4717-4CDF-B0A6-DA86399C4729} = {4326A85C-BA11-4629-B88A-70AD513A9448}
		{42C3A699-79B0-4EA2-91E7-724CC4F6C832} = {4326A85C-BA11-4629-B88A-70AD513A9448}
	EndGlobalSection
	GlobalSection(ExtensibilityGlobals) = postSolution
		SolutionGuid = {CD0B1901-C7B0-4BA1-8578-64234741CDA7}
	EndGlobalSection
EndGlobal
